
Microsoft Visual Studio Solution File, Format Version 12.00
# Visual Studio Version 16
VisualStudioVersion = 16.0.29123.88
MinimumVisualStudioVersion = 10.0.40219.1
Project("{FAE04EC0-301F-11D3-BF4B-00C04F79EFBC}") = "DivorcePrecepts", "DivorcePrecepts.csproj", "{9EB3E077-F811-4071-B768-77C5BE324B6C}"
EndProject
Global
	GlobalSection(SolutionConfigurationPlatforms) = preSolution
		Debug|Any CPU = Debug|Any CPU
		Release|Any CPU = Release|Any CPU
	EndGlobalSection
	GlobalSection(ProjectConfigurationPlatforms) = postSolution
		{9EB3E077-F811-4071-B768-77C5BE324B6C}.Debug|Any CPU.ActiveCfg = Debug|Any CPU
		{9EB3E077-F811-4071-B768-77C5BE324B6C}.Debug|Any CPU.Build.0 = Debug|Any CPU
		{9EB3E077-F811-4071-B768-77C5BE324B6C}.Release|Any CPU.ActiveCfg = Release|Any CPU
		{9EB3E077-F811-4071-B768-77C5BE324B6C}.Release|Any CPU.Build.0 = Release|Any CPU
	EndGlobalSection
	GlobalSection(SolutionProperties) = preSolution
		HideSolutionNode = FALSE
	EndGlobalSection
	GlobalSection(ExtensibilityGlobals) = postSolution
		SolutionGuid = {721D1269-8B94-45D5-BE7E-05601020C19E}
	EndGlobalSection
EndGlobal
